
Microsoft Visual Studio Solution File, Format Version 12.00
# Visual Studio Version 17
VisualStudioVersion = 17.11.35312.102
MinimumVisualStudioVersion = 10.0.40219.1
Project("{FAE04EC0-301F-11D3-BF4B-00C04F79EFBC}") = "alura_curso_2", "alura_curso_2.csproj", "{BC46D959-E27C-4FC1-A8A5-3887BDC6AA41}"
EndProject
Global
	GlobalSection(SolutionConfigurationPlatforms) = preSolution
		Debug|Any CPU = Debug|Any CPU
		Release|Any CPU = Release|Any CPU
	EndGlobalSection
	GlobalSection(ProjectConfigurationPlatforms) = postSolution
		{BC46D959-E27C-4FC1-A8A5-3887BDC6AA41}.Debug|Any CPU.ActiveCfg = Debug|Any CPU
		{BC46D959-E27C-4FC1-A8A5-3887BDC6AA41}.Debug|Any CPU.Build.0 = Debug|Any CPU
		{BC46D959-E27C-4FC1-A8A5-3887BDC6AA41}.Release|Any CPU.ActiveCfg = Release|Any CPU
		{BC46D959-E27C-4FC1-A8A5-3887BDC6AA41}.Release|Any CPU.Build.0 = Release|Any CPU
	EndGlobalSection
	GlobalSection(SolutionProperties) = preSolution
		HideSolutionNode = FALSE
	EndGlobalSection
	GlobalSection(ExtensibilityGlobals) = postSolution
		SolutionGuid = {2D8E7319-920E-4722-945E-07098EA1FD59}
	EndGlobalSection
EndGlobal
